// !$*UTF8*$!
{
	archiveVersion = 1;
	classes = {
	};
	objectVersion = 56;
	objects = {

/* Begin PBXBuildFile section */
		5A0AB6612C5B8D4E00B87EE6 /* BankingApp.swift in Sources */ = {isa = PBXBuildFile; fileRef = 5A0AB60F2C5B8D4E00B87EE6 /* BankingApp.swift */; };
		5A0AB6622C5B8D4E00B87EE6 /* Color + Ext.swift in Sources */ = {isa = PBXBuildFile; fileRef = 5A0AB6112C5B8D4E00B87EE6 /* Color + Ext.swift */; };
		5A0AB6632C5B8D4E00B87EE6 /* CustomTabView.swift in Sources */ = {isa = PBXBuildFile; fileRef = 5A0AB6122C5B8D4E00B87EE6 /* CustomTabView.swift */; };
		5A0AB6642C5B8D4E00B87EE6 /* SafeArea.swift in Sources */ = {isa = PBXBuildFile; fileRef = 5A0AB6132C5B8D4E00B87EE6 /* SafeArea.swift */; };
		5A0AB6652C5B8D4E00B87EE6 /* UnderlineTextField.swift in Sources */ = {isa = PBXBuildFile; fileRef = 5A0AB6142C5B8D4E00B87EE6 /* UnderlineTextField.swift */; };
		5A0AB6662C5B8D4E00B87EE6 /* UserDefaultsWrapper.swift in Sources */ = {isa = PBXBuildFile; fileRef = 5A0AB6152C5B8D4E00B87EE6 /* UserDefaultsWrapper.swift */; };
		5A0AB6672C5B8D4E00B87EE6 /* UnderlineTextFieldView.swift in Sources */ = {isa = PBXBuildFile; fileRef = 5A0AB6172C5B8D4E00B87EE6 /* UnderlineTextFieldView.swift */; };
		5A0AB6682C5B8D4E00B87EE6 /* CardWidget.swift in Sources */ = {isa = PBXBuildFile; fileRef = 5A0AB6192C5B8D4E00B87EE6 /* CardWidget.swift */; };
		5A0AB6692C5B8D4E00B87EE6 /* AuthorizationModel.swift in Sources */ = {isa = PBXBuildFile; fileRef = 5A0AB61C2C5B8D4E00B87EE6 /* AuthorizationModel.swift */; };
		5A0AB66A2C5B8D4E00B87EE6 /* AuthorizationView.swift in Sources */ = {isa = PBXBuildFile; fileRef = 5A0AB61D2C5B8D4E00B87EE6 /* AuthorizationView.swift */; };
		5A0AB66B2C5B8D4E00B87EE6 /* AuthorizationViewModel.swift in Sources */ = {isa = PBXBuildFile; fileRef = 5A0AB61E2C5B8D4E00B87EE6 /* AuthorizationViewModel.swift */; };
		5A0AB66C2C5B8D4E00B87EE6 /* RegisterView.swift in Sources */ = {isa = PBXBuildFile; fileRef = 5A0AB6202C5B8D4E00B87EE6 /* RegisterView.swift */; };
		5A0AB66D2C5B8D4E00B87EE6 /* RegistrationViewModel.swift in Sources */ = {isa = PBXBuildFile; fileRef = 5A0AB6212C5B8D4E00B87EE6 /* RegistrationViewModel.swift */; };
		5A0AB66E2C5B8D4E00B87EE6 /* Authorization.swift in Sources */ = {isa = PBXBuildFile; fileRef = 5A0AB6232C5B8D4E00B87EE6 /* Authorization.swift */; };
		5A0AB66F2C5B8D4E00B87EE6 /* Item.swift in Sources */ = {isa = PBXBuildFile; fileRef = 5A0AB6252C5B8D4E00B87EE6 /* Item.swift */; };
		5A0AB6702C5B8D4E00B87EE6 /* ContentView.swift in Sources */ = {isa = PBXBuildFile; fileRef = 5A0AB6272C5B8D4E00B87EE6 /* ContentView.swift */; };
		5A0AB6712C5B8D4E00B87EE6 /* FourthScreen.swift in Sources */ = {isa = PBXBuildFile; fileRef = 5A0AB6282C5B8D4E00B87EE6 /* FourthScreen.swift */; };
		5A0AB6722C5B8D4E00B87EE6 /* HomeView.swift in Sources */ = {isa = PBXBuildFile; fileRef = 5A0AB6292C5B8D4E00B87EE6 /* HomeView.swift */; };
		5A0AB6732C5B8D4E00B87EE6 /* HomeViewModel.swift in Sources */ = {isa = PBXBuildFile; fileRef = 5A0AB62A2C5B8D4E00B87EE6 /* HomeViewModel.swift */; };
		5A0AB6742C5B8D4E00B87EE6 /* SecondScreen.swift in Sources */ = {isa = PBXBuildFile; fileRef = 5A0AB62B2C5B8D4E00B87EE6 /* SecondScreen.swift */; };
		5A0AB6752C5B8D4E00B87EE6 /* ThirdScreen.swift in Sources */ = {isa = PBXBuildFile; fileRef = 5A0AB62C2C5B8D4E00B87EE6 /* ThirdScreen.swift */; };
		5A0AB6762C5B8D4E00B87EE6 /* CardItem.swift in Sources */ = {isa = PBXBuildFile; fileRef = 5A0AB62E2C5B8D4E00B87EE6 /* CardItem.swift */; };
		5A0AB6772C5B8D4E00B87EE6 /* AddCardView.swift in Sources */ = {isa = PBXBuildFile; fileRef = 5A0AB6302C5B8D4E00B87EE6 /* AddCardView.swift */; };
		5A0AB6782C5B8D4E00B87EE6 /* AllCardsView.swift in Sources */ = {isa = PBXBuildFile; fileRef = 5A0AB6312C5B8D4E00B87EE6 /* AllCardsView.swift */; };
		5A0AB6792C5B8D4E00B87EE6 /* OnboardingView.swift in Sources */ = {isa = PBXBuildFile; fileRef = 5A0AB6332C5B8D4E00B87EE6 /* OnboardingView.swift */; };
		5A0AB67A2C5B8D4E00B87EE6 /* ProfileView.swift in Sources */ = {isa = PBXBuildFile; fileRef = 5A0AB6352C5B8D4E00B87EE6 /* ProfileView.swift */; };
		5A0AB67B2C5B8D4E00B87EE6 /* TransactionHistoryView.swift in Sources */ = {isa = PBXBuildFile; fileRef = 5A0AB6372C5B8D4E00B87EE6 /* TransactionHistoryView.swift */; };
		5A0AB67C2C5B8D4E00B87EE6 /* RequestMoneyView.swift in Sources */ = {isa = PBXBuildFile; fileRef = 5A0AB6392C5B8D4E00B87EE6 /* RequestMoneyView.swift */; };
		5A0AB67D2C5B8D4E00B87EE6 /* SendMoneyView.swift in Sources */ = {isa = PBXBuildFile; fileRef = 5A0AB63A2C5B8D4E00B87EE6 /* SendMoneyView.swift */; };
		5A0AB67E2C5B8D4E00B87EE6 /* UserAccount.swift in Sources */ = {isa = PBXBuildFile; fileRef = 5A0AB63E2C5B8D4E00B87EE6 /* UserAccount.swift */; };
		5A0AB67F2C5B8D4E00B87EE6 /* UserHistory.swift in Sources */ = {isa = PBXBuildFile; fileRef = 5A0AB63F2C5B8D4E00B87EE6 /* UserHistory.swift */; };
		5A0AB6802C5B8D4E00B87EE6 /* AuthWorker.swift in Sources */ = {isa = PBXBuildFile; fileRef = 5A0AB6412C5B8D4E00B87EE6 /* AuthWorker.swift */; };
		5A0AB6812C5B8D4E00B87EE6 /* HistoryWorker.swift in Sources */ = {isa = PBXBuildFile; fileRef = 5A0AB6422C5B8D4E00B87EE6 /* HistoryWorker.swift */; };
		5A0AB6822C5B8D4E00B87EE6 /* RegistrationWorker.swift in Sources */ = {isa = PBXBuildFile; fileRef = 5A0AB6432C5B8D4E00B87EE6 /* RegistrationWorker.swift */; };
		5A0AB6832C5B8D4E00B87EE6 /* NetworkManager.swift in Sources */ = {isa = PBXBuildFile; fileRef = 5A0AB6452C5B8D4E00B87EE6 /* NetworkManager.swift */; };
		5A0AB6842C5B8D4E00B87EE6 /* Poppins_Regular.ttf in Resources */ = {isa = PBXBuildFile; fileRef = 5A0AB6472C5B8D4E00B87EE6 /* Poppins_Regular.ttf */; };
		5A0AB6852C5B8D4E00B87EE6 /* Poppins_SemiBold.ttf in Resources */ = {isa = PBXBuildFile; fileRef = 5A0AB6482C5B8D4E00B87EE6 /* Poppins_SemiBold.ttf */; };
		5A0AB6862C5B8D4E00B87EE6 /* Poppins-Black.ttf in Resources */ = {isa = PBXBuildFile; fileRef = 5A0AB6492C5B8D4E00B87EE6 /* Poppins-Black.ttf */; };
		5A0AB6872C5B8D4E00B87EE6 /* Poppins-BlackItalic.ttf in Resources */ = {isa = PBXBuildFile; fileRef = 5A0AB64A2C5B8D4E00B87EE6 /* Poppins-BlackItalic.ttf */; };
		5A0AB6882C5B8D4E00B87EE6 /* Poppins-Bold.ttf in Resources */ = {isa = PBXBuildFile; fileRef = 5A0AB64B2C5B8D4E00B87EE6 /* Poppins-Bold.ttf */; };
		5A0AB6892C5B8D4E00B87EE6 /* Poppins-BoldItalic.ttf in Resources */ = {isa = PBXBuildFile; fileRef = 5A0AB64C2C5B8D4E00B87EE6 /* Poppins-BoldItalic.ttf */; };
		5A0AB68A2C5B8D4E00B87EE6 /* Poppins-ExtraBold.ttf in Resources */ = {isa = PBXBuildFile; fileRef = 5A0AB64D2C5B8D4E00B87EE6 /* Poppins-ExtraBold.ttf */; };
		5A0AB68B2C5B8D4E00B87EE6 /* Poppins-ExtraBoldItalic.ttf in Resources */ = {isa = PBXBuildFile; fileRef = 5A0AB64E2C5B8D4E00B87EE6 /* Poppins-ExtraBoldItalic.ttf */; };
		5A0AB68C2C5B8D4E00B87EE6 /* Poppins-ExtraLight.ttf in Resources */ = {isa = PBXBuildFile; fileRef = 5A0AB64F2C5B8D4E00B87EE6 /* Poppins-ExtraLight.ttf */; };
		5A0AB68D2C5B8D4E00B87EE6 /* Poppins-ExtraLightItalic.ttf in Resources */ = {isa = PBXBuildFile; fileRef = 5A0AB6502C5B8D4E00B87EE6 /* Poppins-ExtraLightItalic.ttf */; };
		5A0AB68E2C5B8D4E00B87EE6 /* Poppins-Italic-VariableFont_wght.otf in Resources */ = {isa = PBXBuildFile; fileRef = 5A0AB6512C5B8D4E00B87EE6 /* Poppins-Italic-VariableFont_wght.otf */; };
		5A0AB68F2C5B8D4E00B87EE6 /* Poppins-Italic.ttf in Resources */ = {isa = PBXBuildFile; fileRef = 5A0AB6522C5B8D4E00B87EE6 /* Poppins-Italic.ttf */; };
		5A0AB6902C5B8D4E00B87EE6 /* Poppins-Light.ttf in Resources */ = {isa = PBXBuildFile; fileRef = 5A0AB6532C5B8D4E00B87EE6 /* Poppins-Light.ttf */; };
		5A0AB6912C5B8D4E00B87EE6 /* Poppins-LightItalic.ttf in Resources */ = {isa = PBXBuildFile; fileRef = 5A0AB6542C5B8D4E00B87EE6 /* Poppins-LightItalic.ttf */; };
		5A0AB6922C5B8D4E00B87EE6 /* Poppins-Medium.ttf in Resources */ = {isa = PBXBuildFile; fileRef = 5A0AB6552C5B8D4E00B87EE6 /* Poppins-Medium.ttf */; };
		5A0AB6932C5B8D4E00B87EE6 /* Poppins-MediumItalic.ttf in Resources */ = {isa = PBXBuildFile; fileRef = 5A0AB6562C5B8D4E00B87EE6 /* Poppins-MediumItalic.ttf */; };
		5A0AB6942C5B8D4E00B87EE6 /* Poppins-Regular.ttf in Resources */ = {isa = PBXBuildFile; fileRef = 5A0AB6572C5B8D4E00B87EE6 /* Poppins-Regular.ttf */; };
		5A0AB6952C5B8D4E00B87EE6 /* Poppins-SemiBoldItalic.ttf in Resources */ = {isa = PBXBuildFile; fileRef = 5A0AB6582C5B8D4E00B87EE6 /* Poppins-SemiBoldItalic.ttf */; };
		5A0AB6962C5B8D4E00B87EE6 /* Poppins-Thin.ttf in Resources */ = {isa = PBXBuildFile; fileRef = 5A0AB6592C5B8D4E00B87EE6 /* Poppins-Thin.ttf */; };
		5A0AB6972C5B8D4E00B87EE6 /* Poppins-ThinItalic.ttf in Resources */ = {isa = PBXBuildFile; fileRef = 5A0AB65A2C5B8D4E00B87EE6 /* Poppins-ThinItalic.ttf */; };
		5A0AB6982C5B8D4E00B87EE6 /* Poppins-VariableFont_wght.otf in Resources */ = {isa = PBXBuildFile; fileRef = 5A0AB65B2C5B8D4E00B87EE6 /* Poppins-VariableFont_wght.otf */; };
		5A0AB6992C5B8D4E00B87EE6 /* Assets.xcassets in Resources */ = {isa = PBXBuildFile; fileRef = 5A0AB65D2C5B8D4E00B87EE6 /* Assets.xcassets */; };
		5A0AB69A2C5B8D4E00B87EE6 /* Color.swift in Sources */ = {isa = PBXBuildFile; fileRef = 5A0AB65E2C5B8D4E00B87EE6 /* Color.swift */; };
		5A0AB69B2C5B8D4E00B87EE6 /* Launch Screen.storyboard in Resources */ = {isa = PBXBuildFile; fileRef = 5A0AB65F2C5B8D4E00B87EE6 /* Launch Screen.storyboard */; };
		F65EBE6C2C3EB52800C0230F /* Preview Assets.xcassets in Resources */ = {isa = PBXBuildFile; fileRef = F65EBE6B2C3EB52800C0230F /* Preview Assets.xcassets */; };
/* End PBXBuildFile section */

/* Begin PBXFileReference section */
		5A0AB60F2C5B8D4E00B87EE6 /* BankingApp.swift */ = {isa = PBXFileReference; fileEncoding = 4; lastKnownFileType = sourcecode.swift; path = BankingApp.swift; sourceTree = "<group>"; };
		5A0AB6112C5B8D4E00B87EE6 /* Color + Ext.swift */ = {isa = PBXFileReference; fileEncoding = 4; lastKnownFileType = sourcecode.swift; path = "Color + Ext.swift"; sourceTree = "<group>"; };
		5A0AB6122C5B8D4E00B87EE6 /* CustomTabView.swift */ = {isa = PBXFileReference; fileEncoding = 4; lastKnownFileType = sourcecode.swift; path = CustomTabView.swift; sourceTree = "<group>"; };
		5A0AB6132C5B8D4E00B87EE6 /* SafeArea.swift */ = {isa = PBXFileReference; fileEncoding = 4; lastKnownFileType = sourcecode.swift; path = SafeArea.swift; sourceTree = "<group>"; };
		5A0AB6142C5B8D4E00B87EE6 /* UnderlineTextField.swift */ = {isa = PBXFileReference; fileEncoding = 4; lastKnownFileType = sourcecode.swift; path = UnderlineTextField.swift; sourceTree = "<group>"; };
		5A0AB6152C5B8D4E00B87EE6 /* UserDefaultsWrapper.swift */ = {isa = PBXFileReference; fileEncoding = 4; lastKnownFileType = sourcecode.swift; path = UserDefaultsWrapper.swift; sourceTree = "<group>"; };
		5A0AB6172C5B8D4E00B87EE6 /* UnderlineTextFieldView.swift */ = {isa = PBXFileReference; fileEncoding = 4; lastKnownFileType = sourcecode.swift; path = UnderlineTextFieldView.swift; sourceTree = "<group>"; };
		5A0AB6192C5B8D4E00B87EE6 /* CardWidget.swift */ = {isa = PBXFileReference; fileEncoding = 4; lastKnownFileType = sourcecode.swift; path = CardWidget.swift; sourceTree = "<group>"; };
		5A0AB61C2C5B8D4E00B87EE6 /* AuthorizationModel.swift */ = {isa = PBXFileReference; fileEncoding = 4; lastKnownFileType = sourcecode.swift; path = AuthorizationModel.swift; sourceTree = "<group>"; };
		5A0AB61D2C5B8D4E00B87EE6 /* AuthorizationView.swift */ = {isa = PBXFileReference; fileEncoding = 4; lastKnownFileType = sourcecode.swift; path = AuthorizationView.swift; sourceTree = "<group>"; };
		5A0AB61E2C5B8D4E00B87EE6 /* AuthorizationViewModel.swift */ = {isa = PBXFileReference; fileEncoding = 4; lastKnownFileType = sourcecode.swift; path = AuthorizationViewModel.swift; sourceTree = "<group>"; };
		5A0AB6202C5B8D4E00B87EE6 /* RegisterView.swift */ = {isa = PBXFileReference; fileEncoding = 4; lastKnownFileType = sourcecode.swift; path = RegisterView.swift; sourceTree = "<group>"; };
		5A0AB6212C5B8D4E00B87EE6 /* RegistrationViewModel.swift */ = {isa = PBXFileReference; fileEncoding = 4; lastKnownFileType = sourcecode.swift; path = RegistrationViewModel.swift; sourceTree = "<group>"; };
		5A0AB6232C5B8D4E00B87EE6 /* Authorization.swift */ = {isa = PBXFileReference; fileEncoding = 4; lastKnownFileType = sourcecode.swift; path = Authorization.swift; sourceTree = "<group>"; };
		5A0AB6252C5B8D4E00B87EE6 /* Item.swift */ = {isa = PBXFileReference; fileEncoding = 4; lastKnownFileType = sourcecode.swift; path = Item.swift; sourceTree = "<group>"; };
		5A0AB6272C5B8D4E00B87EE6 /* ContentView.swift */ = {isa = PBXFileReference; fileEncoding = 4; lastKnownFileType = sourcecode.swift; path = ContentView.swift; sourceTree = "<group>"; };
		5A0AB6282C5B8D4E00B87EE6 /* FourthScreen.swift */ = {isa = PBXFileReference; fileEncoding = 4; lastKnownFileType = sourcecode.swift; path = FourthScreen.swift; sourceTree = "<group>"; };
		5A0AB6292C5B8D4E00B87EE6 /* HomeView.swift */ = {isa = PBXFileReference; fileEncoding = 4; lastKnownFileType = sourcecode.swift; path = HomeView.swift; sourceTree = "<group>"; };
		5A0AB62A2C5B8D4E00B87EE6 /* HomeViewModel.swift */ = {isa = PBXFileReference; fileEncoding = 4; lastKnownFileType = sourcecode.swift; path = HomeViewModel.swift; sourceTree = "<group>"; };
		5A0AB62B2C5B8D4E00B87EE6 /* SecondScreen.swift */ = {isa = PBXFileReference; fileEncoding = 4; lastKnownFileType = sourcecode.swift; path = SecondScreen.swift; sourceTree = "<group>"; };
		5A0AB62C2C5B8D4E00B87EE6 /* ThirdScreen.swift */ = {isa = PBXFileReference; fileEncoding = 4; lastKnownFileType = sourcecode.swift; path = ThirdScreen.swift; sourceTree = "<group>"; };
		5A0AB62E2C5B8D4E00B87EE6 /* CardItem.swift */ = {isa = PBXFileReference; fileEncoding = 4; lastKnownFileType = sourcecode.swift; path = CardItem.swift; sourceTree = "<group>"; };
		5A0AB6302C5B8D4E00B87EE6 /* AddCardView.swift */ = {isa = PBXFileReference; fileEncoding = 4; lastKnownFileType = sourcecode.swift; path = AddCardView.swift; sourceTree = "<group>"; };
		5A0AB6312C5B8D4E00B87EE6 /* AllCardsView.swift */ = {isa = PBXFileReference; fileEncoding = 4; lastKnownFileType = sourcecode.swift; path = AllCardsView.swift; sourceTree = "<group>"; };
		5A0AB6332C5B8D4E00B87EE6 /* OnboardingView.swift */ = {isa = PBXFileReference; fileEncoding = 4; lastKnownFileType = sourcecode.swift; path = OnboardingView.swift; sourceTree = "<group>"; };
		5A0AB6352C5B8D4E00B87EE6 /* ProfileView.swift */ = {isa = PBXFileReference; fileEncoding = 4; lastKnownFileType = sourcecode.swift; path = ProfileView.swift; sourceTree = "<group>"; };
		5A0AB6372C5B8D4E00B87EE6 /* TransactionHistoryView.swift */ = {isa = PBXFileReference; fileEncoding = 4; lastKnownFileType = sourcecode.swift; path = TransactionHistoryView.swift; sourceTree = "<group>"; };
		5A0AB6392C5B8D4E00B87EE6 /* RequestMoneyView.swift */ = {isa = PBXFileReference; fileEncoding = 4; lastKnownFileType = sourcecode.swift; path = RequestMoneyView.swift; sourceTree = "<group>"; };
		5A0AB63A2C5B8D4E00B87EE6 /* SendMoneyView.swift */ = {isa = PBXFileReference; fileEncoding = 4; lastKnownFileType = sourcecode.swift; path = SendMoneyView.swift; sourceTree = "<group>"; };
		5A0AB63E2C5B8D4E00B87EE6 /* UserAccount.swift */ = {isa = PBXFileReference; fileEncoding = 4; lastKnownFileType = sourcecode.swift; path = UserAccount.swift; sourceTree = "<group>"; };
		5A0AB63F2C5B8D4E00B87EE6 /* UserHistory.swift */ = {isa = PBXFileReference; fileEncoding = 4; lastKnownFileType = sourcecode.swift; path = UserHistory.swift; sourceTree = "<group>"; };
		5A0AB6412C5B8D4E00B87EE6 /* AuthWorker.swift */ = {isa = PBXFileReference; fileEncoding = 4; lastKnownFileType = sourcecode.swift; path = AuthWorker.swift; sourceTree = "<group>"; };
		5A0AB6422C5B8D4E00B87EE6 /* HistoryWorker.swift */ = {isa = PBXFileReference; fileEncoding = 4; lastKnownFileType = sourcecode.swift; path = HistoryWorker.swift; sourceTree = "<group>"; };
		5A0AB6432C5B8D4E00B87EE6 /* RegistrationWorker.swift */ = {isa = PBXFileReference; fileEncoding = 4; lastKnownFileType = sourcecode.swift; path = RegistrationWorker.swift; sourceTree = "<group>"; };
		5A0AB6452C5B8D4E00B87EE6 /* NetworkManager.swift */ = {isa = PBXFileReference; fileEncoding = 4; lastKnownFileType = sourcecode.swift; path = NetworkManager.swift; sourceTree = "<group>"; };
		5A0AB6472C5B8D4E00B87EE6 /* Poppins_Regular.ttf */ = {isa = PBXFileReference; lastKnownFileType = file; path = Poppins_Regular.ttf; sourceTree = "<group>"; };
		5A0AB6482C5B8D4E00B87EE6 /* Poppins_SemiBold.ttf */ = {isa = PBXFileReference; lastKnownFileType = file; path = Poppins_SemiBold.ttf; sourceTree = "<group>"; };
		5A0AB6492C5B8D4E00B87EE6 /* Poppins-Black.ttf */ = {isa = PBXFileReference; lastKnownFileType = file; path = "Poppins-Black.ttf"; sourceTree = "<group>"; };
		5A0AB64A2C5B8D4E00B87EE6 /* Poppins-BlackItalic.ttf */ = {isa = PBXFileReference; lastKnownFileType = file; path = "Poppins-BlackItalic.ttf"; sourceTree = "<group>"; };
		5A0AB64B2C5B8D4E00B87EE6 /* Poppins-Bold.ttf */ = {isa = PBXFileReference; lastKnownFileType = file; path = "Poppins-Bold.ttf"; sourceTree = "<group>"; };
		5A0AB64C2C5B8D4E00B87EE6 /* Poppins-BoldItalic.ttf */ = {isa = PBXFileReference; lastKnownFileType = file; path = "Poppins-BoldItalic.ttf"; sourceTree = "<group>"; };
		5A0AB64D2C5B8D4E00B87EE6 /* Poppins-ExtraBold.ttf */ = {isa = PBXFileReference; lastKnownFileType = file; path = "Poppins-ExtraBold.ttf"; sourceTree = "<group>"; };
		5A0AB64E2C5B8D4E00B87EE6 /* Poppins-ExtraBoldItalic.ttf */ = {isa = PBXFileReference; lastKnownFileType = file; path = "Poppins-ExtraBoldItalic.ttf"; sourceTree = "<group>"; };
		5A0AB64F2C5B8D4E00B87EE6 /* Poppins-ExtraLight.ttf */ = {isa = PBXFileReference; lastKnownFileType = file; path = "Poppins-ExtraLight.ttf"; sourceTree = "<group>"; };
		5A0AB6502C5B8D4E00B87EE6 /* Poppins-ExtraLightItalic.ttf */ = {isa = PBXFileReference; lastKnownFileType = file; path = "Poppins-ExtraLightItalic.ttf"; sourceTree = "<group>"; };
		5A0AB6512C5B8D4E00B87EE6 /* Poppins-Italic-VariableFont_wght.otf */ = {isa = PBXFileReference; lastKnownFileType = file; path = "Poppins-Italic-VariableFont_wght.otf"; sourceTree = "<group>"; };
		5A0AB6522C5B8D4E00B87EE6 /* Poppins-Italic.ttf */ = {isa = PBXFileReference; lastKnownFileType = file; path = "Poppins-Italic.ttf"; sourceTree = "<group>"; };
		5A0AB6532C5B8D4E00B87EE6 /* Poppins-Light.ttf */ = {isa = PBXFileReference; lastKnownFileType = file; path = "Poppins-Light.ttf"; sourceTree = "<group>"; };
		5A0AB6542C5B8D4E00B87EE6 /* Poppins-LightItalic.ttf */ = {isa = PBXFileReference; lastKnownFileType = file; path = "Poppins-LightItalic.ttf"; sourceTree = "<group>"; };
		5A0AB6552C5B8D4E00B87EE6 /* Poppins-Medium.ttf */ = {isa = PBXFileReference; lastKnownFileType = file; path = "Poppins-Medium.ttf"; sourceTree = "<group>"; };
		5A0AB6562C5B8D4E00B87EE6 /* Poppins-MediumItalic.ttf */ = {isa = PBXFileReference; lastKnownFileType = file; path = "Poppins-MediumItalic.ttf"; sourceTree = "<group>"; };
		5A0AB6572C5B8D4E00B87EE6 /* Poppins-Regular.ttf */ = {isa = PBXFileReference; lastKnownFileType = file; path = "Poppins-Regular.ttf"; sourceTree = "<group>"; };
		5A0AB6582C5B8D4E00B87EE6 /* Poppins-SemiBoldItalic.ttf */ = {isa = PBXFileReference; lastKnownFileType = file; path = "Poppins-SemiBoldItalic.ttf"; sourceTree = "<group>"; };
		5A0AB6592C5B8D4E00B87EE6 /* Poppins-Thin.ttf */ = {isa = PBXFileReference; lastKnownFileType = file; path = "Poppins-Thin.ttf"; sourceTree = "<group>"; };
		5A0AB65A2C5B8D4E00B87EE6 /* Poppins-ThinItalic.ttf */ = {isa = PBXFileReference; lastKnownFileType = file; path = "Poppins-ThinItalic.ttf"; sourceTree = "<group>"; };
		5A0AB65B2C5B8D4E00B87EE6 /* Poppins-VariableFont_wght.otf */ = {isa = PBXFileReference; lastKnownFileType = file; path = "Poppins-VariableFont_wght.otf"; sourceTree = "<group>"; };
		5A0AB65D2C5B8D4E00B87EE6 /* Assets.xcassets */ = {isa = PBXFileReference; lastKnownFileType = folder.assetcatalog; path = Assets.xcassets; sourceTree = "<group>"; };
		5A0AB65E2C5B8D4E00B87EE6 /* Color.swift */ = {isa = PBXFileReference; fileEncoding = 4; lastKnownFileType = sourcecode.swift; path = Color.swift; sourceTree = "<group>"; };
		5A0AB65F2C5B8D4E00B87EE6 /* Launch Screen.storyboard */ = {isa = PBXFileReference; fileEncoding = 4; lastKnownFileType = file.storyboard; path = "Launch Screen.storyboard"; sourceTree = "<group>"; };
		F65EBE5F2C3EB51A00C0230F /* Banking.app */ = {isa = PBXFileReference; explicitFileType = wrapper.application; includeInIndex = 0; path = Banking.app; sourceTree = BUILT_PRODUCTS_DIR; };
		F65EBE6B2C3EB52800C0230F /* Preview Assets.xcassets */ = {isa = PBXFileReference; lastKnownFileType = folder.assetcatalog; path = "Preview Assets.xcassets"; sourceTree = "<group>"; };
		F65EBED02C404A8F00C0230F /* Info.plist */ = {isa = PBXFileReference; lastKnownFileType = text.plist; path = Info.plist; sourceTree = "<group>"; };
/* End PBXFileReference section */

/* Begin PBXFrameworksBuildPhase section */
		F65EBE5C2C3EB51A00C0230F /* Frameworks */ = {
			isa = PBXFrameworksBuildPhase;
			buildActionMask = 2147483647;
			files = (
			);
			runOnlyForDeploymentPostprocessing = 0;
		};
/* End PBXFrameworksBuildPhase section */

/* Begin PBXGroup section */
		5A0AB6102C5B8D4E00B87EE6 /* App */ = {
			isa = PBXGroup;
			children = (
				5A0AB60F2C5B8D4E00B87EE6 /* BankingApp.swift */,
			);
			path = App;
			sourceTree = "<group>";
		};
		5A0AB6162C5B8D4E00B87EE6 /* Extensions */ = {
			isa = PBXGroup;
			children = (
				5A0AB6112C5B8D4E00B87EE6 /* Color + Ext.swift */,
				5A0AB6122C5B8D4E00B87EE6 /* CustomTabView.swift */,
				5A0AB6132C5B8D4E00B87EE6 /* SafeArea.swift */,
				5A0AB6142C5B8D4E00B87EE6 /* UnderlineTextField.swift */,
				5A0AB6152C5B8D4E00B87EE6 /* UserDefaultsWrapper.swift */,
			);
			path = Extensions;
			sourceTree = "<group>";
		};
		5A0AB6182C5B8D4E00B87EE6 /* Structures */ = {
			isa = PBXGroup;
			children = (
				5A0AB6172C5B8D4E00B87EE6 /* UnderlineTextFieldView.swift */,
			);
			path = Structures;
			sourceTree = "<group>";
		};
		5A0AB61A2C5B8D4E00B87EE6 /* Widgets */ = {
			isa = PBXGroup;
			children = (
				5A0AB6192C5B8D4E00B87EE6 /* CardWidget.swift */,
			);
			path = Widgets;
			sourceTree = "<group>";
		};
		5A0AB61B2C5B8D4E00B87EE6 /* Components */ = {
			isa = PBXGroup;
			children = (
				5A0AB6162C5B8D4E00B87EE6 /* Extensions */,
				5A0AB6182C5B8D4E00B87EE6 /* Structures */,
				5A0AB61A2C5B8D4E00B87EE6 /* Widgets */,
			);
			path = Components;
			sourceTree = "<group>";
		};
		5A0AB61F2C5B8D4E00B87EE6 /* Auth */ = {
			isa = PBXGroup;
			children = (
				5A0AB61C2C5B8D4E00B87EE6 /* AuthorizationModel.swift */,
				5A0AB61D2C5B8D4E00B87EE6 /* AuthorizationView.swift */,
				5A0AB61E2C5B8D4E00B87EE6 /* AuthorizationViewModel.swift */,
			);
			path = Auth;
			sourceTree = "<group>";
		};
		5A0AB6222C5B8D4E00B87EE6 /* Registration */ = {
			isa = PBXGroup;
			children = (
				5A0AB6202C5B8D4E00B87EE6 /* RegisterView.swift */,
				5A0AB6212C5B8D4E00B87EE6 /* RegistrationViewModel.swift */,
			);
			path = Registration;
			sourceTree = "<group>";
		};
		5A0AB6242C5B8D4E00B87EE6 /* Authorization */ = {
			isa = PBXGroup;
			children = (
				5A0AB61F2C5B8D4E00B87EE6 /* Auth */,
				5A0AB6222C5B8D4E00B87EE6 /* Registration */,
				5A0AB6232C5B8D4E00B87EE6 /* Authorization.swift */,
			);
			path = Authorization;
			sourceTree = "<group>";
		};
		5A0AB6262C5B8D4E00B87EE6 /* Models */ = {
			isa = PBXGroup;
			children = (
				5A0AB6252C5B8D4E00B87EE6 /* Item.swift */,
			);
			path = Models;
			sourceTree = "<group>";
		};
		5A0AB62D2C5B8D4E00B87EE6 /* Home */ = {
			isa = PBXGroup;
			children = (
				5A0AB6262C5B8D4E00B87EE6 /* Models */,
				5A0AB6272C5B8D4E00B87EE6 /* ContentView.swift */,
				5A0AB6282C5B8D4E00B87EE6 /* FourthScreen.swift */,
				5A0AB6292C5B8D4E00B87EE6 /* HomeView.swift */,
				5A0AB62A2C5B8D4E00B87EE6 /* HomeViewModel.swift */,
				5A0AB62B2C5B8D4E00B87EE6 /* SecondScreen.swift */,
				5A0AB62C2C5B8D4E00B87EE6 /* ThirdScreen.swift */,
			);
			path = Home;
			sourceTree = "<group>";
		};
		5A0AB62F2C5B8D4E00B87EE6 /* Models */ = {
			isa = PBXGroup;
			children = (
				5A0AB62E2C5B8D4E00B87EE6 /* CardItem.swift */,
			);
			path = Models;
			sourceTree = "<group>";
		};
		5A0AB6322C5B8D4E00B87EE6 /* MyCards */ = {
			isa = PBXGroup;
			children = (
				5A0AB62F2C5B8D4E00B87EE6 /* Models */,
				5A0AB6302C5B8D4E00B87EE6 /* AddCardView.swift */,
				5A0AB6312C5B8D4E00B87EE6 /* AllCardsView.swift */,
			);
			path = MyCards;
			sourceTree = "<group>";
		};
		5A0AB6342C5B8D4E00B87EE6 /* Onboarding */ = {
			isa = PBXGroup;
			children = (
				5A0AB6332C5B8D4E00B87EE6 /* OnboardingView.swift */,
			);
			path = Onboarding;
			sourceTree = "<group>";
		};
		5A0AB6362C5B8D4E00B87EE6 /* Profile */ = {
			isa = PBXGroup;
			children = (
				5A0AB6352C5B8D4E00B87EE6 /* ProfileView.swift */,
			);
			path = Profile;
			sourceTree = "<group>";
		};
		5A0AB6382C5B8D4E00B87EE6 /* Transactions */ = {
			isa = PBXGroup;
			children = (
				5A0AB6372C5B8D4E00B87EE6 /* TransactionHistoryView.swift */,
			);
			path = Transactions;
			sourceTree = "<group>";
		};
		5A0AB63B2C5B8D4E00B87EE6 /* Transfers */ = {
			isa = PBXGroup;
			children = (
				5A0AB6392C5B8D4E00B87EE6 /* RequestMoneyView.swift */,
				5A0AB63A2C5B8D4E00B87EE6 /* SendMoneyView.swift */,
			);
			path = Transfers;
			sourceTree = "<group>";
		};
		5A0AB63C2C5B8D4E00B87EE6 /* Modules */ = {
			isa = PBXGroup;
			children = (
				5A0AB6242C5B8D4E00B87EE6 /* Authorization */,
				5A0AB62D2C5B8D4E00B87EE6 /* Home */,
				5A0AB6322C5B8D4E00B87EE6 /* MyCards */,
				5A0AB6342C5B8D4E00B87EE6 /* Onboarding */,
				5A0AB6362C5B8D4E00B87EE6 /* Profile */,
				5A0AB6382C5B8D4E00B87EE6 /* Transactions */,
				5A0AB63B2C5B8D4E00B87EE6 /* Transfers */,
			);
			path = Modules;
			sourceTree = "<group>";
		};
		5A0AB63D2C5B8D4E00B87EE6 /* Source */ = {
			isa = PBXGroup;
			children = (
				5A0AB6102C5B8D4E00B87EE6 /* App */,
				5A0AB61B2C5B8D4E00B87EE6 /* Components */,
				5A0AB63C2C5B8D4E00B87EE6 /* Modules */,
			);
			path = Source;
			sourceTree = "<group>";
		};
		5A0AB6402C5B8D4E00B87EE6 /* Models */ = {
			isa = PBXGroup;
			children = (
				5A0AB63E2C5B8D4E00B87EE6 /* UserAccount.swift */,
				5A0AB63F2C5B8D4E00B87EE6 /* UserHistory.swift */,
			);
			path = Models;
			sourceTree = "<group>";
		};
		5A0AB6442C5B8D4E00B87EE6 /* Workers */ = {
			isa = PBXGroup;
			children = (
				5A0AB6412C5B8D4E00B87EE6 /* AuthWorker.swift */,
				5A0AB6422C5B8D4E00B87EE6 /* HistoryWorker.swift */,
				5A0AB6432C5B8D4E00B87EE6 /* RegistrationWorker.swift */,
			);
			path = Workers;
			sourceTree = "<group>";
		};
		5A0AB6462C5B8D4E00B87EE6 /* Network */ = {
			isa = PBXGroup;
			children = (
				5A0AB6402C5B8D4E00B87EE6 /* Models */,
				5A0AB6442C5B8D4E00B87EE6 /* Workers */,
				5A0AB6452C5B8D4E00B87EE6 /* NetworkManager.swift */,
			);
			path = Network;
			sourceTree = "<group>";
		};
		5A0AB65C2C5B8D4E00B87EE6 /* Fonts */ = {
			isa = PBXGroup;
			children = (
				5A0AB6472C5B8D4E00B87EE6 /* Poppins_Regular.ttf */,
				5A0AB6482C5B8D4E00B87EE6 /* Poppins_SemiBold.ttf */,
				5A0AB6492C5B8D4E00B87EE6 /* Poppins-Black.ttf */,
				5A0AB64A2C5B8D4E00B87EE6 /* Poppins-BlackItalic.ttf */,
				5A0AB64B2C5B8D4E00B87EE6 /* Poppins-Bold.ttf */,
				5A0AB64C2C5B8D4E00B87EE6 /* Poppins-BoldItalic.ttf */,
				5A0AB64D2C5B8D4E00B87EE6 /* Poppins-ExtraBold.ttf */,
				5A0AB64E2C5B8D4E00B87EE6 /* Poppins-ExtraBoldItalic.ttf */,
				5A0AB64F2C5B8D4E00B87EE6 /* Poppins-ExtraLight.ttf */,
				5A0AB6502C5B8D4E00B87EE6 /* Poppins-ExtraLightItalic.ttf */,
				5A0AB6512C5B8D4E00B87EE6 /* Poppins-Italic-VariableFont_wght.otf */,
				5A0AB6522C5B8D4E00B87EE6 /* Poppins-Italic.ttf */,
				5A0AB6532C5B8D4E00B87EE6 /* Poppins-Light.ttf */,
				5A0AB6542C5B8D4E00B87EE6 /* Poppins-LightItalic.ttf */,
				5A0AB6552C5B8D4E00B87EE6 /* Poppins-Medium.ttf */,
				5A0AB6562C5B8D4E00B87EE6 /* Poppins-MediumItalic.ttf */,
				5A0AB6572C5B8D4E00B87EE6 /* Poppins-Regular.ttf */,
				5A0AB6582C5B8D4E00B87EE6 /* Poppins-SemiBoldItalic.ttf */,
				5A0AB6592C5B8D4E00B87EE6 /* Poppins-Thin.ttf */,
				5A0AB65A2C5B8D4E00B87EE6 /* Poppins-ThinItalic.ttf */,
				5A0AB65B2C5B8D4E00B87EE6 /* Poppins-VariableFont_wght.otf */,
			);
			path = Fonts;
			sourceTree = "<group>";
		};
		5A0AB6602C5B8D4E00B87EE6 /* Resource */ = {
			isa = PBXGroup;
			children = (
				5A0AB65C2C5B8D4E00B87EE6 /* Fonts */,
				5A0AB65D2C5B8D4E00B87EE6 /* Assets.xcassets */,
				5A0AB65E2C5B8D4E00B87EE6 /* Color.swift */,
				5A0AB65F2C5B8D4E00B87EE6 /* Launch Screen.storyboard */,
			);
			path = Resource;
			sourceTree = "<group>";
		};
		F65EBE562C3EB51A00C0230F = {
			isa = PBXGroup;
			children = (
				F65EBE612C3EB51A00C0230F /* Banking */,
				F65EBE602C3EB51A00C0230F /* Products */,
			);
			sourceTree = "<group>";
		};
		F65EBE602C3EB51A00C0230F /* Products */ = {
			isa = PBXGroup;
			children = (
				F65EBE5F2C3EB51A00C0230F /* Banking.app */,
			);
			name = Products;
			sourceTree = "<group>";
		};
		F65EBE612C3EB51A00C0230F /* Banking */ = {
			isa = PBXGroup;
			children = (
				5A0AB6462C5B8D4E00B87EE6 /* Network */,
				5A0AB6602C5B8D4E00B87EE6 /* Resource */,
				5A0AB63D2C5B8D4E00B87EE6 /* Source */,
				F65EBED02C404A8F00C0230F /* Info.plist */,
				F65EBE6A2C3EB52800C0230F /* Preview Content */,
			);
			path = Banking;
			sourceTree = "<group>";
		};
		F65EBE6A2C3EB52800C0230F /* Preview Content */ = {
			isa = PBXGroup;
			children = (
				F65EBE6B2C3EB52800C0230F /* Preview Assets.xcassets */,
			);
			path = "Preview Content";
			sourceTree = "<group>";
		};
/* End PBXGroup section */

/* Begin PBXNativeTarget section */
		F65EBE5E2C3EB51A00C0230F /* Banking */ = {
			isa = PBXNativeTarget;
			buildConfigurationList = F65EBE6F2C3EB52800C0230F /* Build configuration list for PBXNativeTarget "Banking" */;
			buildPhases = (
				F65EBE5B2C3EB51A00C0230F /* Sources */,
				F65EBE5C2C3EB51A00C0230F /* Frameworks */,
				F65EBE5D2C3EB51A00C0230F /* Resources */,
			);
			buildRules = (
			);
			dependencies = (
			);
			name = Banking;
			productName = Banking;
			productReference = F65EBE5F2C3EB51A00C0230F /* Banking.app */;
			productType = "com.apple.product-type.application";
		};
/* End PBXNativeTarget section */

/* Begin PBXProject section */
		F65EBE572C3EB51A00C0230F /* Project object */ = {
			isa = PBXProject;
			attributes = {
				BuildIndependentTargetsInParallel = 1;
				LastSwiftUpdateCheck = 1540;
				LastUpgradeCheck = 1540;
				TargetAttributes = {
					F65EBE5E2C3EB51A00C0230F = {
						CreatedOnToolsVersion = 15.4;
					};
				};
			};
			buildConfigurationList = F65EBE5A2C3EB51A00C0230F /* Build configuration list for PBXProject "Banking" */;
			compatibilityVersion = "Xcode 14.0";
			developmentRegion = en;
			hasScannedForEncodings = 0;
			knownRegions = (
				en,
				Base,
			);
			mainGroup = F65EBE562C3EB51A00C0230F;
			productRefGroup = F65EBE602C3EB51A00C0230F /* Products */;
			projectDirPath = "";
			projectRoot = "";
			targets = (
				F65EBE5E2C3EB51A00C0230F /* Banking */,
			);
		};
/* End PBXProject section */

/* Begin PBXResourcesBuildPhase section */
		F65EBE5D2C3EB51A00C0230F /* Resources */ = {
			isa = PBXResourcesBuildPhase;
			buildActionMask = 2147483647;
			files = (
				5A0AB68C2C5B8D4E00B87EE6 /* Poppins-ExtraLight.ttf in Resources */,
				5A0AB6952C5B8D4E00B87EE6 /* Poppins-SemiBoldItalic.ttf in Resources */,
				5A0AB6912C5B8D4E00B87EE6 /* Poppins-LightItalic.ttf in Resources */,
				5A0AB6862C5B8D4E00B87EE6 /* Poppins-Black.ttf in Resources */,
				5A0AB6992C5B8D4E00B87EE6 /* Assets.xcassets in Resources */,
				5A0AB6942C5B8D4E00B87EE6 /* Poppins-Regular.ttf in Resources */,
				5A0AB6882C5B8D4E00B87EE6 /* Poppins-Bold.ttf in Resources */,
				5A0AB6892C5B8D4E00B87EE6 /* Poppins-BoldItalic.ttf in Resources */,
				5A0AB6922C5B8D4E00B87EE6 /* Poppins-Medium.ttf in Resources */,
				5A0AB68B2C5B8D4E00B87EE6 /* Poppins-ExtraBoldItalic.ttf in Resources */,
				5A0AB6962C5B8D4E00B87EE6 /* Poppins-Thin.ttf in Resources */,
				F65EBE6C2C3EB52800C0230F /* Preview Assets.xcassets in Resources */,
				5A0AB68E2C5B8D4E00B87EE6 /* Poppins-Italic-VariableFont_wght.otf in Resources */,
				5A0AB6972C5B8D4E00B87EE6 /* Poppins-ThinItalic.ttf in Resources */,
				5A0AB6902C5B8D4E00B87EE6 /* Poppins-Light.ttf in Resources */,
				5A0AB68F2C5B8D4E00B87EE6 /* Poppins-Italic.ttf in Resources */,
				5A0AB6932C5B8D4E00B87EE6 /* Poppins-MediumItalic.ttf in Resources */,
				5A0AB68D2C5B8D4E00B87EE6 /* Poppins-ExtraLightItalic.ttf in Resources */,
				5A0AB69B2C5B8D4E00B87EE6 /* Launch Screen.storyboard in Resources */,
				5A0AB68A2C5B8D4E00B87EE6 /* Poppins-ExtraBold.ttf in Resources */,
				5A0AB6982C5B8D4E00B87EE6 /* Poppins-VariableFont_wght.otf in Resources */,
				5A0AB6872C5B8D4E00B87EE6 /* Poppins-BlackItalic.ttf in Resources */,
				5A0AB6842C5B8D4E00B87EE6 /* Poppins_Regular.ttf in Resources */,
				5A0AB6852C5B8D4E00B87EE6 /* Poppins_SemiBold.ttf in Resources */,
			);
			runOnlyForDeploymentPostprocessing = 0;
		};
/* End PBXResourcesBuildPhase section */

/* Begin PBXSourcesBuildPhase section */
		F65EBE5B2C3EB51A00C0230F /* Sources */ = {
			isa = PBXSourcesBuildPhase;
			buildActionMask = 2147483647;
			files = (
				5A0AB6732C5B8D4E00B87EE6 /* HomeViewModel.swift in Sources */,
				5A0AB67C2C5B8D4E00B87EE6 /* RequestMoneyView.swift in Sources */,
				5A0AB67B2C5B8D4E00B87EE6 /* TransactionHistoryView.swift in Sources */,
				5A0AB6752C5B8D4E00B87EE6 /* ThirdScreen.swift in Sources */,
				5A0AB6822C5B8D4E00B87EE6 /* RegistrationWorker.swift in Sources */,
				5A0AB6812C5B8D4E00B87EE6 /* HistoryWorker.swift in Sources */,
				5A0AB6632C5B8D4E00B87EE6 /* CustomTabView.swift in Sources */,
				5A0AB6682C5B8D4E00B87EE6 /* CardWidget.swift in Sources */,
				5A0AB6702C5B8D4E00B87EE6 /* ContentView.swift in Sources */,
				5A0AB6652C5B8D4E00B87EE6 /* UnderlineTextField.swift in Sources */,
				5A0AB6642C5B8D4E00B87EE6 /* SafeArea.swift in Sources */,
				5A0AB6612C5B8D4E00B87EE6 /* BankingApp.swift in Sources */,
				5A0AB6712C5B8D4E00B87EE6 /* FourthScreen.swift in Sources */,
				5A0AB66E2C5B8D4E00B87EE6 /* Authorization.swift in Sources */,
				5A0AB6742C5B8D4E00B87EE6 /* SecondScreen.swift in Sources */,
				5A0AB6692C5B8D4E00B87EE6 /* AuthorizationModel.swift in Sources */,
				5A0AB67E2C5B8D4E00B87EE6 /* UserAccount.swift in Sources */,
				5A0AB69A2C5B8D4E00B87EE6 /* Color.swift in Sources */,
				5A0AB6832C5B8D4E00B87EE6 /* NetworkManager.swift in Sources */,
				5A0AB6772C5B8D4E00B87EE6 /* AddCardView.swift in Sources */,
				5A0AB6722C5B8D4E00B87EE6 /* HomeView.swift in Sources */,
				5A0AB67F2C5B8D4E00B87EE6 /* UserHistory.swift in Sources */,
				5A0AB67A2C5B8D4E00B87EE6 /* ProfileView.swift in Sources */,
				5A0AB6662C5B8D4E00B87EE6 /* UserDefaultsWrapper.swift in Sources */,
				5A0AB6622C5B8D4E00B87EE6 /* Color + Ext.swift in Sources */,
				5A0AB66A2C5B8D4E00B87EE6 /* AuthorizationView.swift in Sources */,
				5A0AB6762C5B8D4E00B87EE6 /* CardItem.swift in Sources */,
				5A0AB6802C5B8D4E00B87EE6 /* AuthWorker.swift in Sources */,
				5A0AB67D2C5B8D4E00B87EE6 /* SendMoneyView.swift in Sources */,
				5A0AB6792C5B8D4E00B87EE6 /* OnboardingView.swift in Sources */,
				5A0AB66F2C5B8D4E00B87EE6 /* Item.swift in Sources */,
				5A0AB66D2C5B8D4E00B87EE6 /* RegistrationViewModel.swift in Sources */,
				5A0AB66C2C5B8D4E00B87EE6 /* RegisterView.swift in Sources */,
				5A0AB6672C5B8D4E00B87EE6 /* UnderlineTextFieldView.swift in Sources */,
				5A0AB6782C5B8D4E00B87EE6 /* AllCardsView.swift in Sources */,
				5A0AB66B2C5B8D4E00B87EE6 /* AuthorizationViewModel.swift in Sources */,
			);
			runOnlyForDeploymentPostprocessing = 0;
		};
/* End PBXSourcesBuildPhase section */

/* Begin XCBuildConfiguration section */
		F65EBE6D2C3EB52800C0230F /* Debug */ = {
			isa = XCBuildConfiguration;
			buildSettings = {
				ALWAYS_SEARCH_USER_PATHS = NO;
				ASSETCATALOG_COMPILER_GENERATE_SWIFT_ASSET_SYMBOL_EXTENSIONS = YES;
				CLANG_ANALYZER_NONNULL = YES;
				CLANG_ANALYZER_NUMBER_OBJECT_CONVERSION = YES_AGGRESSIVE;
				CLANG_CXX_LANGUAGE_STANDARD = "gnu++20";
				CLANG_ENABLE_MODULES = YES;
				CLANG_ENABLE_OBJC_ARC = YES;
				CLANG_ENABLE_OBJC_WEAK = YES;
				CLANG_WARN_BLOCK_CAPTURE_AUTORELEASING = YES;
				CLANG_WARN_BOOL_CONVERSION = YES;
				CLANG_WARN_COMMA = YES;
				CLANG_WARN_CONSTANT_CONVERSION = YES;
				CLANG_WARN_DEPRECATED_OBJC_IMPLEMENTATIONS = YES;
				CLANG_WARN_DIRECT_OBJC_ISA_USAGE = YES_ERROR;
				CLANG_WARN_DOCUMENTATION_COMMENTS = YES;
				CLANG_WARN_EMPTY_BODY = YES;
				CLANG_WARN_ENUM_CONVERSION = YES;
				CLANG_WARN_INFINITE_RECURSION = YES;
				CLANG_WARN_INT_CONVERSION = YES;
				CLANG_WARN_NON_LITERAL_NULL_CONVERSION = YES;
				CLANG_WARN_OBJC_IMPLICIT_RETAIN_SELF = YES;
				CLANG_WARN_OBJC_LITERAL_CONVERSION = YES;
				CLANG_WARN_OBJC_ROOT_CLASS = YES_ERROR;
				CLANG_WARN_QUOTED_INCLUDE_IN_FRAMEWORK_HEADER = YES;
				CLANG_WARN_RANGE_LOOP_ANALYSIS = YES;
				CLANG_WARN_STRICT_PROTOTYPES = YES;
				CLANG_WARN_SUSPICIOUS_MOVE = YES;
				CLANG_WARN_UNGUARDED_AVAILABILITY = YES_AGGRESSIVE;
				CLANG_WARN_UNREACHABLE_CODE = YES;
				CLANG_WARN__DUPLICATE_METHOD_MATCH = YES;
				COPY_PHASE_STRIP = NO;
				DEBUG_INFORMATION_FORMAT = dwarf;
				ENABLE_STRICT_OBJC_MSGSEND = YES;
				ENABLE_TESTABILITY = YES;
				ENABLE_USER_SCRIPT_SANDBOXING = YES;
				GCC_C_LANGUAGE_STANDARD = gnu17;
				GCC_DYNAMIC_NO_PIC = NO;
				GCC_NO_COMMON_BLOCKS = YES;
				GCC_OPTIMIZATION_LEVEL = 0;
				GCC_PREPROCESSOR_DEFINITIONS = (
					"DEBUG=1",
					"$(inherited)",
				);
				GCC_WARN_64_TO_32_BIT_CONVERSION = YES;
				GCC_WARN_ABOUT_RETURN_TYPE = YES_ERROR;
				GCC_WARN_UNDECLARED_SELECTOR = YES;
				GCC_WARN_UNINITIALIZED_AUTOS = YES_AGGRESSIVE;
				GCC_WARN_UNUSED_FUNCTION = YES;
				GCC_WARN_UNUSED_VARIABLE = YES;
				IPHONEOS_DEPLOYMENT_TARGET = 17.5;
				LOCALIZATION_PREFERS_STRING_CATALOGS = YES;
				MTL_ENABLE_DEBUG_INFO = INCLUDE_SOURCE;
				MTL_FAST_MATH = YES;
				ONLY_ACTIVE_ARCH = YES;
				SDKROOT = iphoneos;
				SWIFT_ACTIVE_COMPILATION_CONDITIONS = "DEBUG $(inherited)";
				SWIFT_OPTIMIZATION_LEVEL = "-Onone";
			};
			name = Debug;
		};
		F65EBE6E2C3EB52800C0230F /* Release */ = {
			isa = XCBuildConfiguration;
			buildSettings = {
				ALWAYS_SEARCH_USER_PATHS = NO;
				ASSETCATALOG_COMPILER_GENERATE_SWIFT_ASSET_SYMBOL_EXTENSIONS = YES;
				CLANG_ANALYZER_NONNULL = YES;
				CLANG_ANALYZER_NUMBER_OBJECT_CONVERSION = YES_AGGRESSIVE;
				CLANG_CXX_LANGUAGE_STANDARD = "gnu++20";
				CLANG_ENABLE_MODULES = YES;
				CLANG_ENABLE_OBJC_ARC = YES;
				CLANG_ENABLE_OBJC_WEAK = YES;
				CLANG_WARN_BLOCK_CAPTURE_AUTORELEASING = YES;
				CLANG_WARN_BOOL_CONVERSION = YES;
				CLANG_WARN_COMMA = YES;
				CLANG_WARN_CONSTANT_CONVERSION = YES;
				CLANG_WARN_DEPRECATED_OBJC_IMPLEMENTATIONS = YES;
				CLANG_WARN_DIRECT_OBJC_ISA_USAGE = YES_ERROR;
				CLANG_WARN_DOCUMENTATION_COMMENTS = YES;
				CLANG_WARN_EMPTY_BODY = YES;
				CLANG_WARN_ENUM_CONVERSION = YES;
				CLANG_WARN_INFINITE_RECURSION = YES;
				CLANG_WARN_INT_CONVERSION = YES;
				CLANG_WARN_NON_LITERAL_NULL_CONVERSION = YES;
				CLANG_WARN_OBJC_IMPLICIT_RETAIN_SELF = YES;
				CLANG_WARN_OBJC_LITERAL_CONVERSION = YES;
				CLANG_WARN_OBJC_ROOT_CLASS = YES_ERROR;
				CLANG_WARN_QUOTED_INCLUDE_IN_FRAMEWORK_HEADER = YES;
				CLANG_WARN_RANGE_LOOP_ANALYSIS = YES;
				CLANG_WARN_STRICT_PROTOTYPES = YES;
				CLANG_WARN_SUSPICIOUS_MOVE = YES;
				CLANG_WARN_UNGUARDED_AVAILABILITY = YES_AGGRESSIVE;
				CLANG_WARN_UNREACHABLE_CODE = YES;
				CLANG_WARN__DUPLICATE_METHOD_MATCH = YES;
				COPY_PHASE_STRIP = NO;
				DEBUG_INFORMATION_FORMAT = "dwarf-with-dsym";
				ENABLE_NS_ASSERTIONS = NO;
				ENABLE_STRICT_OBJC_MSGSEND = YES;
				ENABLE_USER_SCRIPT_SANDBOXING = YES;
				GCC_C_LANGUAGE_STANDARD = gnu17;
				GCC_NO_COMMON_BLOCKS = YES;
				GCC_WARN_64_TO_32_BIT_CONVERSION = YES;
				GCC_WARN_ABOUT_RETURN_TYPE = YES_ERROR;
				GCC_WARN_UNDECLARED_SELECTOR = YES;
				GCC_WARN_UNINITIALIZED_AUTOS = YES_AGGRESSIVE;
				GCC_WARN_UNUSED_FUNCTION = YES;
				GCC_WARN_UNUSED_VARIABLE = YES;
				IPHONEOS_DEPLOYMENT_TARGET = 17.5;
				LOCALIZATION_PREFERS_STRING_CATALOGS = YES;
				MTL_ENABLE_DEBUG_INFO = NO;
				MTL_FAST_MATH = YES;
				SDKROOT = iphoneos;
				SWIFT_COMPILATION_MODE = wholemodule;
				VALIDATE_PRODUCT = YES;
			};
			name = Release;
		};
		F65EBE702C3EB52800C0230F /* Debug */ = {
			isa = XCBuildConfiguration;
			buildSettings = {
				ASSETCATALOG_COMPILER_APPICON_NAME = AppIcon;
				ASSETCATALOG_COMPILER_GLOBAL_ACCENT_COLOR_NAME = AccentColor;
				CODE_SIGN_STYLE = Automatic;
				CURRENT_PROJECT_VERSION = 1;
				DEVELOPMENT_ASSET_PATHS = "\"Banking/Preview Content\"";
				DEVELOPMENT_TEAM = 2XBX55HUH5;
				ENABLE_PREVIEWS = YES;
				GENERATE_INFOPLIST_FILE = YES;
				INFOPLIST_FILE = Banking/Info.plist;
				INFOPLIST_KEY_LSApplicationCategoryType = "\"\"";
				INFOPLIST_KEY_UIApplicationSceneManifest_Generation = YES;
				INFOPLIST_KEY_UIApplicationSupportsIndirectInputEvents = YES;
				INFOPLIST_KEY_UILaunchScreen_Generation = YES;
				INFOPLIST_KEY_UILaunchStoryboardName = "Launch Screen.storyboard";
				INFOPLIST_KEY_UISupportedInterfaceOrientations_iPad = "UIInterfaceOrientationPortrait UIInterfaceOrientationPortraitUpsideDown UIInterfaceOrientationLandscapeLeft UIInterfaceOrientationLandscapeRight";
				INFOPLIST_KEY_UISupportedInterfaceOrientations_iPhone = "UIInterfaceOrientationPortrait UIInterfaceOrientationLandscapeLeft UIInterfaceOrientationLandscapeRight";
				LD_RUNPATH_SEARCH_PATHS = (
					"$(inherited)",
					"@executable_path/Frameworks",
				);
				MARKETING_VERSION = 1.0;
				PRODUCT_BUNDLE_IDENTIFIER = voplachko.Banking;
				PRODUCT_NAME = "$(TARGET_NAME)";
				SWIFT_EMIT_LOC_STRINGS = YES;
				SWIFT_VERSION = 5.0;
				TARGETED_DEVICE_FAMILY = "1,2";
			};
			name = Debug;
		};
		F65EBE712C3EB52800C0230F /* Release */ = {
			isa = XCBuildConfiguration;
			buildSettings = {
				ASSETCATALOG_COMPILER_APPICON_NAME = AppIcon;
				ASSETCATALOG_COMPILER_GLOBAL_ACCENT_COLOR_NAME = AccentColor;
				CODE_SIGN_STYLE = Automatic;
				CURRENT_PROJECT_VERSION = 1;
				DEVELOPMENT_ASSET_PATHS = "\"Banking/Preview Content\"";
				DEVELOPMENT_TEAM = 2XBX55HUH5;
				ENABLE_PREVIEWS = YES;
				GENERATE_INFOPLIST_FILE = YES;
				INFOPLIST_FILE = Banking/Info.plist;
				INFOPLIST_KEY_LSApplicationCategoryType = "\"\"";
				INFOPLIST_KEY_UIApplicationSceneManifest_Generation = YES;
				INFOPLIST_KEY_UIApplicationSupportsIndirectInputEvents = YES;
				INFOPLIST_KEY_UILaunchScreen_Generation = YES;
				INFOPLIST_KEY_UILaunchStoryboardName = "Launch Screen.storyboard";
				INFOPLIST_KEY_UISupportedInterfaceOrientations_iPad = "UIInterfaceOrientationPortrait UIInterfaceOrientationPortraitUpsideDown UIInterfaceOrientationLandscapeLeft UIInterfaceOrientationLandscapeRight";
				INFOPLIST_KEY_UISupportedInterfaceOrientations_iPhone = "UIInterfaceOrientationPortrait UIInterfaceOrientationLandscapeLeft UIInterfaceOrientationLandscapeRight";
				LD_RUNPATH_SEARCH_PATHS = (
					"$(inherited)",
					"@executable_path/Frameworks",
				);
				MARKETING_VERSION = 1.0;
				PRODUCT_BUNDLE_IDENTIFIER = voplachko.Banking;
				PRODUCT_NAME = "$(TARGET_NAME)";
				SWIFT_EMIT_LOC_STRINGS = YES;
				SWIFT_VERSION = 5.0;
				TARGETED_DEVICE_FAMILY = "1,2";
			};
			name = Release;
		};
/* End XCBuildConfiguration section */

/* Begin XCConfigurationList section */
		F65EBE5A2C3EB51A00C0230F /* Build configuration list for PBXProject "Banking" */ = {
			isa = XCConfigurationList;
			buildConfigurations = (
				F65EBE6D2C3EB52800C0230F /* Debug */,
				F65EBE6E2C3EB52800C0230F /* Release */,
			);
			defaultConfigurationIsVisible = 0;
			defaultConfigurationName = Release;
		};
		F65EBE6F2C3EB52800C0230F /* Build configuration list for PBXNativeTarget "Banking" */ = {
			isa = XCConfigurationList;
			buildConfigurations = (
				F65EBE702C3EB52800C0230F /* Debug */,
				F65EBE712C3EB52800C0230F /* Release */,
			);
			defaultConfigurationIsVisible = 0;
			defaultConfigurationName = Release;
		};
/* End XCConfigurationList section */
	};
	rootObject = F65EBE572C3EB51A00C0230F /* Project object */;
}
